{
  "nodes": {
    "flake-utils": {
      "inputs": {
        "systems": "systems"
      },
      "locked": {
        "lastModified": 1705309234,
        "narHash": "sha256-uNRRNRKmJyCRC/8y1RqBkqWBLM034y4qN7EprSdmgyA=",
        "owner": "numtide",
        "repo": "flake-utils",
        "rev": "1ef2e671c3b0c19053962c07dbda38332dcebf26",
        "type": "github"
      },
      "original": {
        "owner": "numtide",
        "repo": "flake-utils",
        "type": "github"
      }
    },
    "home-manager": {
      "inputs": {
        "nixpkgs": [
          "nixpkgs"
        ]
      },
      "locked": {
        "lastModified": 1708806879,
        "narHash": "sha256-MSbxtF3RThI8ANs/G4o1zIqF5/XlShHvwjl9Ws0QAbI=",
        "owner": "nix-community",
        "repo": "home-manager",
        "rev": "4ee704cb13a5a7645436f400b9acc89a67b9c08a",
        "type": "github"
      },
      "original": {
        "owner": "nix-community",
        "repo": "home-manager",
        "type": "github"
      }
    },
    "home-manager-stable": {
      "inputs": {
        "nixpkgs": [
          "nixpkgs-stable"
        ]
      },
      "locked": {
        "lastModified": 1706981411,
        "narHash": "sha256-cLbLPTL1CDmETVh4p0nQtvoF+FSEjsnJTFpTxhXywhQ=",
        "owner": "nix-community",
        "repo": "home-manager",
        "rev": "652fda4ca6dafeb090943422c34ae9145787af37",
        "type": "github"
      },
      "original": {
        "owner": "nix-community",
        "ref": "release-23.11",
        "repo": "home-manager",
        "type": "github"
      }
    },
    "mini-nvim": {
      "flake": false,
      "locked": {
        "lastModified": 1708682212,
        "narHash": "sha256-koQcSUNJx71fzdclmXrzaDYQtNs57unHrAIDzc6JtHc=",
        "owner": "echasnovski",
        "repo": "mini.nvim",
        "rev": "b7403ad0c2a4dab777244171ca1b7e8c89696584",
        "type": "github"
      },
      "original": {
        "owner": "echasnovski",
        "repo": "mini.nvim",
        "type": "github"
      }
    },
    "neovim-flake": {
      "inputs": {
        "flake-utils": "flake-utils",
        "mini-nvim": "mini-nvim",
        "nixpkgs": [
          "nixpkgs"
        ],
        "vim-varnish": "vim-varnish"
      },
      "locked": {
        "dirtyRev": "bc5bd963e0b316228bd7645cf344dc7af1a7c87c-dirty",
        "dirtyShortRev": "bc5bd96-dirty",
        "lastModified": 1708851294,
        "narHash": "sha256-1bJ06X+yUUDCpiK1M1FdckQg2jB/V64RmaJGMgElhdg=",
        "type": "git",
        "url": "file:///home/aorith/githome/neovim-flake"
      },
      "original": {
        "type": "git",
        "url": "file:///home/aorith/githome/neovim-flake"
      }
    },
    "nixpkgs": {
      "locked": {
        "lastModified": 1708807242,
        "narHash": "sha256-sRTRkhMD4delO/hPxxi+XwLqPn8BuUq6nnj4JqLwOu0=",
        "owner": "NixOS",
        "repo": "nixpkgs",
        "rev": "73de017ef2d18a04ac4bfd0c02650007ccb31c2a",
        "type": "github"
      },
      "original": {
        "owner": "NixOS",
        "ref": "nixos-unstable",
        "repo": "nixpkgs",
        "type": "github"
      }
    },
    "nixpkgs-stable": {
      "locked": {
        "lastModified": 1708831307,
        "narHash": "sha256-0iL/DuGjiUeck1zEaL+aIe2WvA3/cVhp/SlmTcOZXH4=",
        "owner": "NixOS",
        "repo": "nixpkgs",
        "rev": "5bf1cadb72ab4e77cb0b700dab76bcdaf88f706b",
        "type": "github"
      },
      "original": {
        "owner": "NixOS",
        "ref": "nixos-23.11",
        "repo": "nixpkgs",
        "type": "github"
      }
    },
    "nixpkgs-stable_2": {
      "locked": {
        "lastModified": 1708819810,
        "narHash": "sha256-1KosU+ZFXf31GPeCBNxobZWMgHsSOJcrSFA6F2jhzdE=",
        "owner": "NixOS",
        "repo": "nixpkgs",
        "rev": "89a2a12e6c8c6a56c72eb3589982c8e2f89c70ea",
        "type": "github"
      },
      "original": {
        "owner": "NixOS",
        "ref": "release-23.11",
        "repo": "nixpkgs",
        "type": "github"
      }
    },
    "root": {
      "inputs": {
        "home-manager": "home-manager",
        "home-manager-stable": "home-manager-stable",
        "neovim-flake": "neovim-flake",
        "nixpkgs": "nixpkgs",
        "nixpkgs-stable": "nixpkgs-stable",
        "sops-nix": "sops-nix"
      }
    },
    "sops-nix": {
      "inputs": {
        "nixpkgs": [
          "nixpkgs"
        ],
        "nixpkgs-stable": "nixpkgs-stable_2"
      },
      "locked": {
        "lastModified": 1708830076,
        "narHash": "sha256-Cjh2xdjxC6S6nW6Whr2dxSeh8vjodzhTmQdI4zPJ4RA=",
        "owner": "Mic92",
        "repo": "sops-nix",
        "rev": "2874fbbe4a65bd2484b0ad757d27a16107f6bc17",
        "type": "github"
      },
      "original": {
        "owner": "Mic92",
        "repo": "sops-nix",
        "type": "github"
      }
    },
    "systems": {
      "locked": {
        "lastModified": 1681028828,
        "narHash": "sha256-Vy1rq5AaRuLzOxct8nz4T6wlgyUR7zLU309k9mBC768=",
        "owner": "nix-systems",
        "repo": "default",
        "rev": "da67096a3b9bf56a91d16901293e51ba5b49a27e",
        "type": "github"
      },
      "original": {
        "owner": "nix-systems",
        "repo": "default",
        "type": "github"
      }
    },
    "vim-varnish": {
      "flake": false,
      "locked": {
        "lastModified": 1707645768,
        "narHash": "sha256-rdAkh8gqHoiv9eFuHujdf8+YhOvXwtYjtm0/PjCNaOM=",
        "owner": "varnishcache-friends",
        "repo": "vim-varnish",
        "rev": "01458458f20831d43045423344bcb70a40d04b0f",
        "type": "github"
      },
      "original": {
        "owner": "varnishcache-friends",
        "repo": "vim-varnish",
        "type": "github"
      }
    }
  },
  "root": "root",
  "version": 7
}
