{
  "nodes": {
    "nixos-hardware": {
      "locked": {
        "lastModified": 1678397099,
        "narHash": "sha256-5xq8YJe+h19TlD+EI4AE/3H3jcCcQ2AWU6CWBVc5tRc=",
        "owner": "nixos",
        "repo": "nixos-hardware",
        "rev": "556101ff85bd6e20900ec73ee525b935154bc8ea",
        "type": "github"
      },
      "original": {
        "owner": "nixos",
        "repo": "nixos-hardware",
        "type": "github"
      }
    },
    "nixpkgs": {
      "locked": {
        "lastModified": 1678614274,
        "narHash": "sha256-kK9l45n9cQ4mEQeT4NvJ+pK2nwsHhfZGUyRgzI+XFOw=",
        "owner": "nixos",
        "repo": "nixpkgs",
        "rev": "970402e6147c49603f4d06defe44d27fe51884ce",
        "type": "github"
      },
      "original": {
        "owner": "nixos",
        "ref": "nixos-22.11",
        "repo": "nixpkgs",
        "type": "github"
      }
    },
    "private": {
      "locked": {
        "dir": "private",
        "lastModified": 1678630694,
        "narHash": "sha256-EWESGI13niZybdLWd36frApxsgrQNDb1LZrZ7BTYV8M=",
        "ref": "refs/heads/master",
        "rev": "03ad3a8a3f8522c59e2479a070be251f81e0b6b4",
        "revCount": 2,
        "type": "git",
        "url": "file:///home/aorith/Syncthing/SYNC_STUFF/githome/nixconf?dir=private"
      },
      "original": {
        "dir": "private",
        "type": "git",
        "url": "file:///home/aorith/Syncthing/SYNC_STUFF/githome/nixconf?dir=private"
      }
    },
    "root": {
      "inputs": {
        "nixos-hardware": "nixos-hardware",
        "nixpkgs": "nixpkgs",
        "private": "private",
        "unstable": "unstable"
      }
    },
    "unstable": {
      "locked": {
        "lastModified": 1678563391,
        "narHash": "sha256-fGSVN8pdE8ACraNsbsx1UVL7Jl7Huhz4N+0udFT35XU=",
        "owner": "nixos",
        "repo": "nixpkgs",
        "rev": "1e3bac17a6c67dcbef9908bc2977e9449ef499a5",
        "type": "github"
      },
      "original": {
        "owner": "nixos",
        "ref": "nixos-unstable",
        "repo": "nixpkgs",
        "type": "github"
      }
    }
  },
  "root": "root",
  "version": 7
}
